Microsoft Visual Studio Solution File, Format Version 12.00
# Visual Studio Version 17
VisualStudioVersion = 17.7.34202.233
MinimumVisualStudioVersion = 10.0.40219.1
Project("{FAE04EC0-301F-11D3-BF4B-00C04F79EFBC}") = "HB.Garnishments.Data", "HB.Garnishments.Data\HB.Garnishments.Data.csproj", "{F2276AEF-9987-4ABE-9413-F55EAE7A7336}"
EndProject
Project("{FAE04EC0-301F-11D3-BF4B-00C04F79EFBC}") = "HB.Garnishments.Testing", "HB.Garnishments.Testing\HB.Garnishments.Testing.csproj", "{A3A40C94-ECFC-4A7E-A61E-8448282B899F}"
EndProject
Project("{FAE04EC0-301F-11D3-BF4B-00C04F79EFBC}") = "HB.Garnishments.UI", "HB.Garnishments.UI\HB.Garnishments.UI.csproj", "{0EF8F245-88F0-4F29-9620-06722971EFCC}"
EndProject
Project("{FAE04EC0-301F-11D3-BF4B-00C04F79EFBC}") = "HB.Garnishments.Data.Processing", "HB.Garnishments.Data.Processing\HB.Garnishments.Data.Processing.csproj", "{076E3E80-66CD-4870-9BF1-8D7EB96B898A}"
EndProject
Project("{FAE04EC0-301F-11D3-BF4B-00C04F79EFBC}") = "HB.Garnishments.Reporting", "HB.Garnishments.Reporting\HB.Garnishments.Reporting.csproj", "{55CAD1A9-4A82-48FE-AC89-569C52F7AE92}"
EndProject
Project("{FAE04EC0-301F-11D3-BF4B-00C04F79EFBC}") = "CommonFormsLibrary", "Dependencies\CommonFormsLibrary\CommonFormsLibrary.csproj", "{8F48F7EB-8AC6-4629-98E2-239FFC48FA1F}"
EndProject
Project("{FAE04EC0-301F-11D3-BF4B-00C04F79EFBC}") = "EvaluationCriteria", "Dependencies\EvaluationCriteria\EvaluationCriteria\EvaluationCriteria.csproj", "{EAC7AAEF-9364-4246-AE06-6B2F97B83BC4}"
EndProject
Project("{FAE04EC0-301F-11D3-BF4B-00C04F79EFBC}") = "ExcelInterface", "Dependencies\ExcelInterface\ExcelInterface.csproj", "{7109E4DD-8D16-43C8-9CC1-7C82CF763BD8}"
EndProject
Project("{FAE04EC0-301F-11D3-BF4B-00C04F79EFBC}") = "HB.SkipTracing.Data", "Dependencies\HB.SkipTracing.Data\HB.SkipTracing.Data.csproj", "{A6BAF1B6-DFA2-442E-A58D-37701C742E23}"
EndProject
Project("{FAE04EC0-301F-11D3-BF4B-00C04F79EFBC}") = "HB.SkipTracing.Data.RNN", "Dependencies\HB.SkipTracing.Data.RNN\HB.SkipTracing.Data.RNN.csproj", "{6FF8BC3A-4F5A-4B36-926D-C2EEF96C4E97}"
EndProject
Project("{FAE04EC0-301F-11D3-BF4B-00C04F79EFBC}") = "RecordTypes", "Dependencies\RecordTypes\RecordTypes\RecordTypes.csproj", "{A01796A5-1768-47A3-A873-CF8306089DF5}"
EndProject
Project("{FAE04EC0-301F-11D3-BF4B-00C04F79EFBC}") = "RemoteFile", "Dependencies\RemoteFile\RemoteFile\RemoteFile.csproj", "{8B55EA6B-2376-40DA-92F0-3C45E8933BEB}"
EndProject
Project("{FAE04EC0-301F-11D3-BF4B-00C04F79EFBC}") = "Walz", "Dependencies\Walz\Walz\Walz.csproj", "{CA6B0E28-C7A8-4FCA-B785-43880E961CB6}"
EndProject
Project("{FAE04EC0-301F-11D3-BF4B-00C04F79EFBC}") = "Zip", "Dependencies\Zip\Zip\Zip.csproj", "{A0361275-7071-45CB-B3A0-E3CB520854EA}"
EndProject
Project("{FAE04EC0-301F-11D3-BF4B-00C04F79EFBC}") = "HB.SkipTracing.SCRA.Data", "Dependencies\HB.SkipTracing.SCRA.Data\HB.SkipTracing.SCRA.Data.csproj", "{E15D0C80-5CCC-4788-BFD8-920113282FC1}"
EndProject
Project("{2150E333-8FDC-42A3-9474-1A3956D46DE8}") = "Solution Items", "Solution Items", "{A8BE5F57-44E2-4BC5-8FDF-CB6F8AF10837}"
	ProjectSection(SolutionItems) = preProject
		.editorconfig = .editorconfig
	EndProjectSection
EndProject
Project("{FAE04EC0-301F-11D3-BF4B-00C04F79EFBC}") = "PDFClown", "Dependencies\PDFClownCustom\dotNET\pdfclown.lib\PDFClown.csproj", "{DBED0809-EE4C-45B0-92FA-E4789ECC2AEC}"
EndProject
Project("{FAE04EC0-301F-11D3-BF4B-00C04F79EFBC}") = "ExchangeInterface", "Dependencies\ExchangeInterface\ExchangeInterface\ExchangeInterface.csproj", "{48AB812C-9A5E-4AF6-A9BA-D13116C2528F}"
EndProject
Global
	GlobalSection(SolutionConfigurationPlatforms) = preSolution
		Debug|Any CPU = Debug|Any CPU
		Debug|x64 = Debug|x64
		Debug|x86 = Debug|x86
		Release|Any CPU = Release|Any CPU
		Release|x64 = Release|x64
		Release|x86 = Release|x86
	EndGlobalSection
	GlobalSection(ProjectConfigurationPlatforms) = postSolution
		{F2276AEF-9987-4ABE-9413-F55EAE7A7336}.Debug|Any CPU.ActiveCfg = Debug|Any CPU
		{F2276AEF-9987-4ABE-9413-F55EAE7A7336}.Debug|Any CPU.Build.0 = Debug|Any CPU
		{F2276AEF-9987-4ABE-9413-F55EAE7A7336}.Debug|x64.ActiveCfg = Debug|Any CPU
		{F2276AEF-9987-4ABE-9413-F55EAE7A7336}.Debug|x64.Build.0 = Debug|Any CPU
		{F2276AEF-9987-4ABE-9413-F55EAE7A7336}.Debug|x86.ActiveCfg = Debug|Any CPU
		{F2276AEF-9987-4ABE-9413-F55EAE7A7336}.Debug|x86.Build.0 = Debug|Any CPU
		{F2276AEF-9987-4ABE-9413-F55EAE7A7336}.Release|Any CPU.ActiveCfg = Release|Any CPU
		{F2276AEF-9987-4ABE-9413-F55EAE7A7336}.Release|Any CPU.Build.0 = Release|Any CPU
		{F2276AEF-9987-4ABE-9413-F55EAE7A7336}.Release|x64.ActiveCfg = Release|Any CPU
		{F2276AEF-9987-4ABE-9413-F55EAE7A7336}.Release|x64.Build.0 = Release|Any CPU
		{F2276AEF-9987-4ABE-9413-F55EAE7A7336}.Release|x86.ActiveCfg = Release|Any CPU
		{F2276AEF-9987-4ABE-9413-F55EAE7A7336}.Release|x86.Build.0 = Release|Any CPU
		{A3A40C94-ECFC-4A7E-A61E-8448282B899F}.Debug|Any CPU.ActiveCfg = Debug|Any CPU
		{A3A40C94-ECFC-4A7E-A61E-8448282B899F}.Debug|Any CPU.Build.0 = Debug|Any CPU
		{A3A40C94-ECFC-4A7E-A61E-8448282B899F}.Debug|x64.ActiveCfg = Debug|Any CPU
		{A3A40C94-ECFC-4A7E-A61E-8448282B899F}.Debug|x64.Build.0 = Debug|Any CPU
		{A3A40C94-ECFC-4A7E-A61E-8448282B899F}.Debug|x86.ActiveCfg = Debug|Any CPU
		{A3A40C94-ECFC-4A7E-A61E-8448282B899F}.Debug|x86.Build.0 = Debug|Any CPU
		{A3A40C94-ECFC-4A7E-A61E-8448282B899F}.Release|Any CPU.ActiveCfg = Release|Any CPU
		{A3A40C94-ECFC-4A7E-A61E-8448282B899F}.Release|Any CPU.Build.0 = Release|Any CPU
		{A3A40C94-ECFC-4A7E-A61E-8448282B899F}.Release|x64.ActiveCfg = Release|Any CPU
		{A3A40C94-ECFC-4A7E-A61E-8448282B899F}.Release|x64.Build.0 = Release|Any CPU
		{A3A40C94-ECFC-4A7E-A61E-8448282B899F}.Release|x86.ActiveCfg = Release|Any CPU
		{A3A40C94-ECFC-4A7E-A61E-8448282B899F}.Release|x86.Build.0 = Release|Any CPU
		{0EF8F245-88F0-4F29-9620-06722971EFCC}.Debug|Any CPU.ActiveCfg = Debug|Any CPU
		{0EF8F245-88F0-4F29-9620-06722971EFCC}.Debug|Any CPU.Build.0 = Debug|Any CPU
		{0EF8F245-88F0-4F29-9620-06722971EFCC}.Debug|x64.ActiveCfg = Debug|Any CPU
		{0EF8F245-88F0-4F29-9620-06722971EFCC}.Debug|x64.Build.0 = Debug|Any CPU
		{0EF8F245-88F0-4F29-9620-06722971EFCC}.Debug|x86.ActiveCfg = Debug|Any CPU
		{0EF8F245-88F0-4F29-9620-06722971EFCC}.Debug|x86.Build.0 = Debug|Any CPU
		{0EF8F245-88F0-4F29-9620-06722971EFCC}.Release|Any CPU.ActiveCfg = Release|Any CPU
		{0EF8F245-88F0-4F29-9620-06722971EFCC}.Release|Any CPU.Build.0 = Release|Any CPU
		{0EF8F245-88F0-4F29-9620-06722971EFCC}.Release|x64.ActiveCfg = Release|Any CPU
		{0EF8F245-88F0-4F29-9620-06722971EFCC}.Release|x64.Build.0 = Release|Any CPU
		{0EF8F245-88F0-4F29-9620-06722971EFCC}.Release|x86.ActiveCfg = Release|Any CPU
		{0EF8F245-88F0-4F29-9620-06722971EFCC}.Release|x86.Build.0 = Release|Any CPU
		{076E3E80-66CD-4870-9BF1-8D7EB96B898A}.Debug|Any CPU.ActiveCfg = Debug|Any CPU
		{076E3E80-66CD-4870-9BF1-8D7EB96B898A}.Debug|Any CPU.Build.0 = Debug|Any CPU
		{076E3E80-66CD-4870-9BF1-8D7EB96B898A}.Debug|x64.ActiveCfg = Debug|Any CPU
		{076E3E80-66CD-4870-9BF1-8D7EB96B898A}.Debug|x64.Build.0 = Debug|Any CPU
		{076E3E80-66CD-4870-9BF1-8D7EB96B898A}.Debug|x86.ActiveCfg = Debug|Any CPU
		{076E3E80-66CD-4870-9BF1-8D7EB96B898A}.Debug|x86.Build.0 = Debug|Any CPU
		{076E3E80-66CD-4870-9BF1-8D7EB96B898A}.Release|Any CPU.ActiveCfg = Release|Any CPU
		{076E3E80-66CD-4870-9BF1-8D7EB96B898A}.Release|Any CPU.Build.0 = Release|Any CPU
		{076E3E80-66CD-4870-9BF1-8D7EB96B898A}.Release|x64.ActiveCfg = Release|Any CPU
		{076E3E80-66CD-4870-9BF1-8D7EB96B898A}.Release|x64.Build.0 = Release|Any CPU
		{076E3E80-66CD-4870-9BF1-8D7EB96B898A}.Release|x86.ActiveCfg = Release|Any CPU
		{076E3E80-66CD-4870-9BF1-8D7EB96B898A}.Release|x86.Build.0 = Release|Any CPU
		{55CAD1A9-4A82-48FE-AC89-569C52F7AE92}.Debug|Any CPU.ActiveCfg = Debug|Any CPU
		{55CAD1A9-4A82-48FE-AC89-569C52F7AE92}.Debug|Any CPU.Build.0 = Debug|Any CPU
		{55CAD1A9-4A82-48FE-AC89-569C52F7AE92}.Debug|x64.ActiveCfg = Debug|Any CPU
		{55CAD1A9-4A82-48FE-AC89-569C52F7AE92}.Debug|x64.Build.0 = Debug|Any CPU
		{55CAD1A9-4A82-48FE-AC89-569C52F7AE92}.Debug|x86.ActiveCfg = Debug|Any CPU
		{55CAD1A9-4A82-48FE-AC89-569C52F7AE92}.Debug|x86.Build.0 = Debug|Any CPU
		{55CAD1A9-4A82-48FE-AC89-569C52F7AE92}.Release|Any CPU.ActiveCfg = Release|Any CPU
		{55CAD1A9-4A82-48FE-AC89-569C52F7AE92}.Release|Any CPU.Build.0 = Release|Any CPU
		{55CAD1A9-4A82-48FE-AC89-569C52F7AE92}.Release|x64.ActiveCfg = Release|Any CPU
		{55CAD1A9-4A82-48FE-AC89-569C52F7AE92}.Release|x64.Build.0 = Release|Any CPU
		{55CAD1A9-4A82-48FE-AC89-569C52F7AE92}.Release|x86.ActiveCfg = Release|Any CPU
		{55CAD1A9-4A82-48FE-AC89-569C52F7AE92}.Release|x86.Build.0 = Release|Any CPU
		{8F48F7EB-8AC6-4629-98E2-239FFC48FA1F}.Debug|Any CPU.ActiveCfg = Debug|Any CPU
		{8F48F7EB-8AC6-4629-98E2-239FFC48FA1F}.Debug|Any CPU.Build.0 = Debug|Any CPU
		{8F48F7EB-8AC6-4629-98E2-239FFC48FA1F}.Debug|x64.ActiveCfg = Debug|Any CPU
		{8F48F7EB-8AC6-4629-98E2-239FFC48FA1F}.Debug|x64.Build.0 = Debug|Any CPU
		{8F48F7EB-8AC6-4629-98E2-239FFC48FA1F}.Debug|x86.ActiveCfg = Debug|Any CPU
		{8F48F7EB-8AC6-4629-98E2-239FFC48FA1F}.Debug|x86.Build.0 = Debug|Any CPU
		{8F48F7EB-8AC6-4629-98E2-239FFC48FA1F}.Release|Any CPU.ActiveCfg = Release|Any CPU
		{8F48F7EB-8AC6-4629-98E2-239FFC48FA1F}.Release|Any CPU.Build.0 = Release|Any CPU
		{8F48F7EB-8AC6-4629-98E2-239FFC48FA1F}.Release|x64.ActiveCfg = Release|Any CPU
		{8F48F7EB-8AC6-4629-98E2-239FFC48FA1F}.Release|x64.Build.0 = Release|Any CPU
		{8F48F7EB-8AC6-4629-98E2-239FFC48FA1F}.Release|x86.ActiveCfg = Release|Any CPU
		{8F48F7EB-8AC6-4629-98E2-239FFC48FA1F}.Release|x86.Build.0 = Release|Any CPU
		{EAC7AAEF-9364-4246-AE06-6B2F97B83BC4}.Debug|Any CPU.ActiveCfg = Debug|Any CPU
		{EAC7AAEF-9364-4246-AE06-6B2F97B83BC4}.Debug|Any CPU.Build.0 = Debug|Any CPU
		{EAC7AAEF-9364-4246-AE06-6B2F97B83BC4}.Debug|x64.ActiveCfg = Debug|x64
		{EAC7AAEF-9364-4246-AE06-6B2F97B83BC4}.Debug|x64.Build.0 = Debug|x64
		{EAC7AAEF-9364-4246-AE06-6B2F97B83BC4}.Debug|x86.ActiveCfg = Debug|x86
		{EAC7AAEF-9364-4246-AE06-6B2F97B83BC4}.Debug|x86.Build.0 = Debug|x86
		{EAC7AAEF-9364-4246-AE06-6B2F97B83BC4}.Release|Any CPU.ActiveCfg = Release|Any CPU
		{EAC7AAEF-9364-4246-AE06-6B2F97B83BC4}.Release|Any CPU.Build.0 = Release|Any CPU
		{EAC7AAEF-9364-4246-AE06-6B2F97B83BC4}.Release|x64.ActiveCfg = Release|x64
		{EAC7AAEF-9364-4246-AE06-6B2F97B83BC4}.Release|x64.Build.0 = Release|x64
		{EAC7AAEF-9364-4246-AE06-6B2F97B83BC4}.Release|x86.ActiveCfg = Release|x86
		{EAC7AAEF-9364-4246-AE06-6B2F97B83BC4}.Release|x86.Build.0 = Release|x86
		{7109E4DD-8D16-43C8-9CC1-7C82CF763BD8}.Debug|Any CPU.ActiveCfg = Debug|Any CPU
		{7109E4DD-8D16-43C8-9CC1-7C82CF763BD8}.Debug|Any CPU.Build.0 = Debug|Any CPU
		{7109E4DD-8D16-43C8-9CC1-7C82CF763BD8}.Debug|x64.ActiveCfg = Debug|x64
		{7109E4DD-8D16-43C8-9CC1-7C82CF763BD8}.Debug|x64.Build.0 = Debug|x64
		{7109E4DD-8D16-43C8-9CC1-7C82CF763BD8}.Debug|x86.ActiveCfg = Debug|x86
		{7109E4DD-8D16-43C8-9CC1-7C82CF763BD8}.Debug|x86.Build.0 = Debug|x86
		{7109E4DD-8D16-43C8-9CC1-7C82CF763BD8}.Release|Any CPU.ActiveCfg = Release|Any CPU
		{7109E4DD-8D16-43C8-9CC1-7C82CF763BD8}.Release|Any CPU.Build.0 = Release|Any CPU
		{7109E4DD-8D16-43C8-9CC1-7C82CF763BD8}.Release|x64.ActiveCfg = Release|x64
		{7109E4DD-8D16-43C8-9CC1-7C82CF763BD8}.Release|x64.Build.0 = Release|x64
		{7109E4DD-8D16-43C8-9CC1-7C82CF763BD8}.Release|x86.ActiveCfg = Release|x86
		{7109E4DD-8D16-43C8-9CC1-7C82CF763BD8}.Release|x86.Build.0 = Release|x86
		{A6BAF1B6-DFA2-442E-A58D-37701C742E23}.Debug|Any CPU.ActiveCfg = Debug|Any CPU
		{A6BAF1B6-DFA2-442E-A58D-37701C742E23}.Debug|Any CPU.Build.0 = Debug|Any CPU
		{A6BAF1B6-DFA2-442E-A58D-37701C742E23}.Debug|x64.ActiveCfg = Debug|Any CPU
		{A6BAF1B6-DFA2-442E-A58D-37701C742E23}.Debug|x64.Build.0 = Debug|Any CPU
		{A6BAF1B6-DFA2-442E-A58D-37701C742E23}.Debug|x86.ActiveCfg = Debug|Any CPU
		{A6BAF1B6-DFA2-442E-A58D-37701C742E23}.Debug|x86.Build.0 = Debug|Any CPU
		{A6BAF1B6-DFA2-442E-A58D-37701C742E23}.Release|Any CPU.ActiveCfg = Release|Any CPU
		{A6BAF1B6-DFA2-442E-A58D-37701C742E23}.Release|Any CPU.Build.0 = Release|Any CPU
		{A6BAF1B6-DFA2-442E-A58D-37701C742E23}.Release|x64.ActiveCfg = Release|Any CPU
		{A6BAF1B6-DFA2-442E-A58D-37701C742E23}.Release|x64.Build.0 = Release|Any CPU
		{A6BAF1B6-DFA2-442E-A58D-37701C742E23}.Release|x86.ActiveCfg = Release|Any CPU
		{A6BAF1B6-DFA2-442E-A58D-37701C742E23}.Release|x86.Build.0 = Release|Any CPU
		{6FF8BC3A-4F5A-4B36-926D-C2EEF96C4E97}.Debug|Any CPU.ActiveCfg = Debug|Any CPU
		{6FF8BC3A-4F5A-4B36-926D-C2EEF96C4E97}.Debug|Any CPU.Build.0 = Debug|Any CPU
		{6FF8BC3A-4F5A-4B36-926D-C2EEF96C4E97}.Debug|x64.ActiveCfg = Debug|Any CPU
		{6FF8BC3A-4F5A-4B36-926D-C2EEF96C4E97}.Debug|x64.Build.0 = Debug|Any CPU
		{6FF8BC3A-4F5A-4B36-926D-C2EEF96C4E97}.Debug|x86.ActiveCfg = Debug|Any CPU
		{6FF8BC3A-4F5A-4B36-926D-C2EEF96C4E97}.Debug|x86.Build.0 = Debug|Any CPU
		{6FF8BC3A-4F5A-4B36-926D-C2EEF96C4E97}.Release|Any CPU.ActiveCfg = Release|Any CPU
		{6FF8BC3A-4F5A-4B36-926D-C2EEF96C4E97}.Release|Any CPU.Build.0 = Release|Any CPU
		{6FF8BC3A-4F5A-4B36-926D-C2EEF96C4E97}.Release|x64.ActiveCfg = Release|Any CPU
		{6FF8BC3A-4F5A-4B36-926D-C2EEF96C4E97}.Release|x64.Build.0 = Release|Any CPU
		{6FF8BC3A-4F5A-4B36-926D-C2EEF96C4E97}.Release|x86.ActiveCfg = Release|Any CPU
		{6FF8BC3A-4F5A-4B36-926D-C2EEF96C4E97}.Release|x86.Build.0 = Release|Any CPU
		{A01796A5-1768-47A3-A873-CF8306089DF5}.Debug|Any CPU.ActiveCfg = Debug|Any CPU
		{A01796A5-1768-47A3-A873-CF8306089DF5}.Debug|Any CPU.Build.0 = Debug|Any CPU
		{A01796A5-1768-47A3-A873-CF8306089DF5}.Debug|x64.ActiveCfg = Debug|x64
		{A01796A5-1768-47A3-A873-CF8306089DF5}.Debug|x64.Build.0 = Debug|x64
		{A01796A5-1768-47A3-A873-CF8306089DF5}.Debug|x86.ActiveCfg = Debug|x86
		{A01796A5-1768-47A3-A873-CF8306089DF5}.Debug|x86.Build.0 = Debug|x86
		{A01796A5-1768-47A3-A873-CF8306089DF5}.Release|Any CPU.ActiveCfg = Release|Any CPU
		{A01796A5-1768-47A3-A873-CF8306089DF5}.Release|Any CPU.Build.0 = Release|Any CPU
		{A01796A5-1768-47A3-A873-CF8306089DF5}.Release|x64.ActiveCfg = Release|x64
		{A01796A5-1768-47A3-A873-CF8306089DF5}.Release|x64.Build.0 = Release|x64
		{A01796A5-1768-47A3-A873-CF8306089DF5}.Release|x86.ActiveCfg = Release|x86
		{A01796A5-1768-47A3-A873-CF8306089DF5}.Release|x86.Build.0 = Release|x86
		{8B55EA6B-2376-40DA-92F0-3C45E8933BEB}.Debug|Any CPU.ActiveCfg = Debug|Any CPU
		{8B55EA6B-2376-40DA-92F0-3C45E8933BEB}.Debug|Any CPU.Build.0 = Debug|Any CPU
		{8B55EA6B-2376-40DA-92F0-3C45E8933BEB}.Debug|x64.ActiveCfg = Debug|Any CPU
		{8B55EA6B-2376-40DA-92F0-3C45E8933BEB}.Debug|x64.Build.0 = Debug|Any CPU
		{8B55EA6B-2376-40DA-92F0-3C45E8933BEB}.Debug|x86.ActiveCfg = Debug|Any CPU
		{8B55EA6B-2376-40DA-92F0-3C45E8933BEB}.Debug|x86.Build.0 = Debug|Any CPU
		{8B55EA6B-2376-40DA-92F0-3C45E8933BEB}.Release|Any CPU.ActiveCfg = Release|Any CPU
		{8B55EA6B-2376-40DA-92F0-3C45E8933BEB}.Release|Any CPU.Build.0 = Release|Any CPU
		{8B55EA6B-2376-40DA-92F0-3C45E8933BEB}.Release|x64.ActiveCfg = Release|Any CPU
		{8B55EA6B-2376-40DA-92F0-3C45E8933BEB}.Release|x64.Build.0 = Release|Any CPU
		{8B55EA6B-2376-40DA-92F0-3C45E8933BEB}.Release|x86.ActiveCfg = Release|Any CPU
		{8B55EA6B-2376-40DA-92F0-3C45E8933BEB}.Release|x86.Build.0 = Release|Any CPU
		{CA6B0E28-C7A8-4FCA-B785-43880E961CB6}.Debug|Any CPU.ActiveCfg = Debug|Any CPU
		{CA6B0E28-C7A8-4FCA-B785-43880E961CB6}.Debug|Any CPU.Build.0 = Debug|Any CPU
		{CA6B0E28-C7A8-4FCA-B785-43880E961CB6}.Debug|x64.ActiveCfg = Debug|Any CPU
		{CA6B0E28-C7A8-4FCA-B785-43880E961CB6}.Debug|x64.Build.0 = Debug|Any CPU
		{CA6B0E28-C7A8-4FCA-B785-43880E961CB6}.Debug|x86.ActiveCfg = Debug|x86
		{CA6B0E28-C7A8-4FCA-B785-43880E961CB6}.Debug|x86.Build.0 = Debug|x86
		{CA6B0E28-C7A8-4FCA-B785-43880E961CB6}.Release|Any CPU.ActiveCfg = Release|Any CPU
		{CA6B0E28-C7A8-4FCA-B785-43880E961CB6}.Release|Any CPU.Build.0 = Release|Any CPU
		{CA6B0E28-C7A8-4FCA-B785-43880E961CB6}.Release|x64.ActiveCfg = Release|Any CPU
		{CA6B0E28-C7A8-4FCA-B785-43880E961CB6}.Release|x64.Build.0 = Release|Any CPU
		{CA6B0E28-C7A8-4FCA-B785-43880E961CB6}.Release|x86.ActiveCfg = Release|x86
		{CA6B0E28-C7A8-4FCA-B785-43880E961CB6}.Release|x86.Build.0 = Release|x86
		{A0361275-7071-45CB-B3A0-E3CB520854EA}.Debug|Any CPU.ActiveCfg = Debug|Any CPU
		{A0361275-7071-45CB-B3A0-E3CB520854EA}.Debug|Any CPU.Build.0 = Debug|Any CPU
		{A0361275-7071-45CB-B3A0-E3CB520854EA}.Debug|x64.ActiveCfg = Debug|Any CPU
		{A0361275-7071-45CB-B3A0-E3CB520854EA}.Debug|x64.Build.0 = Debug|Any CPU
		{A0361275-7071-45CB-B3A0-E3CB520854EA}.Debug|x86.ActiveCfg = Debug|Any CPU
		{A0361275-7071-45CB-B3A0-E3CB520854EA}.Debug|x86.Build.0 = Debug|Any CPU
		{A0361275-7071-45CB-B3A0-E3CB520854EA}.Release|Any CPU.ActiveCfg = Release|Any CPU
		{A0361275-7071-45CB-B3A0-E3CB520854EA}.Release|Any CPU.Build.0 = Release|Any CPU
		{A0361275-7071-45CB-B3A0-E3CB520854EA}.Release|x64.ActiveCfg = Release|Any CPU
		{A0361275-7071-45CB-B3A0-E3CB520854EA}.Release|x64.Build.0 = Release|Any CPU
		{A0361275-7071-45CB-B3A0-E3CB520854EA}.Release|x86.ActiveCfg = Release|Any CPU
		{A0361275-7071-45CB-B3A0-E3CB520854EA}.Release|x86.Build.0 = Release|Any CPU
		{E15D0C80-5CCC-4788-BFD8-920113282FC1}.Debug|Any CPU.ActiveCfg = Debug|Any CPU
		{E15D0C80-5CCC-4788-BFD8-920113282FC1}.Debug|Any CPU.Build.0 = Debug|Any CPU
		{E15D0C80-5CCC-4788-BFD8-920113282FC1}.Debug|x64.ActiveCfg = Debug|Any CPU
		{E15D0C80-5CCC-4788-BFD8-920113282FC1}.Debug|x64.Build.0 = Debug|Any CPU
		{E15D0C80-5CCC-4788-BFD8-920113282FC1}.Debug|x86.ActiveCfg = Debug|Any CPU
		{E15D0C80-5CCC-4788-BFD8-920113282FC1}.Debug|x86.Build.0 = Debug|Any CPU
		{E15D0C80-5CCC-4788-BFD8-920113282FC1}.Release|Any CPU.ActiveCfg = Release|Any CPU
		{E15D0C80-5CCC-4788-BFD8-920113282FC1}.Release|Any CPU.Build.0 = Release|Any CPU
		{E15D0C80-5CCC-4788-BFD8-920113282FC1}.Release|x64.ActiveCfg = Release|Any CPU
		{E15D0C80-5CCC-4788-BFD8-920113282FC1}.Release|x64.Build.0 = Release|Any CPU
		{E15D0C80-5CCC-4788-BFD8-920113282FC1}.Release|x86.ActiveCfg = Release|Any CPU
		{E15D0C80-5CCC-4788-BFD8-920113282FC1}.Release|x86.Build.0 = Release|Any CPU
		{DBED0809-EE4C-45B0-92FA-E4789ECC2AEC}.Debug|Any CPU.ActiveCfg = Debug|Any CPU
		{DBED0809-EE4C-45B0-92FA-E4789ECC2AEC}.Debug|Any CPU.Build.0 = Debug|Any CPU
		{DBED0809-EE4C-45B0-92FA-E4789ECC2AEC}.Debug|x64.ActiveCfg = Debug|x64
		{DBED0809-EE4C-45B0-92FA-E4789ECC2AEC}.Debug|x64.Build.0 = Debug|x64
		{DBED0809-EE4C-45B0-92FA-E4789ECC2AEC}.Debug|x86.ActiveCfg = Debug|x86
		{DBED0809-EE4C-45B0-92FA-E4789ECC2AEC}.Debug|x86.Build.0 = Debug|x86
		{DBED0809-EE4C-45B0-92FA-E4789ECC2AEC}.Release|Any CPU.ActiveCfg = Release|Any CPU
		{DBED0809-EE4C-45B0-92FA-E4789ECC2AEC}.Release|Any CPU.Build.0 = Release|Any CPU
		{DBED0809-EE4C-45B0-92FA-E4789ECC2AEC}.Release|x64.ActiveCfg = Release|x64
		{DBED0809-EE4C-45B0-92FA-E4789ECC2AEC}.Release|x64.Build.0 = Release|x64
		{DBED0809-EE4C-45B0-92FA-E4789ECC2AEC}.Release|x86.ActiveCfg = Release|x86
		{DBED0809-EE4C-45B0-92FA-E4789ECC2AEC}.Release|x86.Build.0 = Release|x86
		{48AB812C-9A5E-4AF6-A9BA-D13116C2528F}.Debug|Any CPU.ActiveCfg = Debug|Any CPU
		{48AB812C-9A5E-4AF6-A9BA-D13116C2528F}.Debug|Any CPU.Build.0 = Debug|Any CPU
		{48AB812C-9A5E-4AF6-A9BA-D13116C2528F}.Debug|x64.ActiveCfg = Debug|x64
		{48AB812C-9A5E-4AF6-A9BA-D13116C2528F}.Debug|x64.Build.0 = Debug|x64
		{48AB812C-9A5E-4AF6-A9BA-D13116C2528F}.Debug|x86.ActiveCfg = Debug|x86
		{48AB812C-9A5E-4AF6-A9BA-D13116C2528F}.Debug|x86.Build.0 = Debug|x86
		{48AB812C-9A5E-4AF6-A9BA-D13116C2528F}.Release|Any CPU.ActiveCfg = Release|Any CPU
		{48AB812C-9A5E-4AF6-A9BA-D13116C2528F}.Release|Any CPU.Build.0 = Release|Any CPU
		{48AB812C-9A5E-4AF6-A9BA-D13116C2528F}.Release|x64.ActiveCfg = Release|x64
		{48AB812C-9A5E-4AF6-A9BA-D13116C2528F}.Release|x64.Build.0 = Release|x64
		{48AB812C-9A5E-4AF6-A9BA-D13116C2528F}.Release|x86.ActiveCfg = Release|x86
		{48AB812C-9A5E-4AF6-A9BA-D13116C2528F}.Release|x86.Build.0 = Release|x86
	EndGlobalSection
	GlobalSection(SolutionProperties) = preSolution
		HideSolutionNode = FALSE
	EndGlobalSection
	GlobalSection(ExtensibilityGlobals) = postSolution
		SolutionGuid = {9AFE4552-344B-4A52-A763-CCA805088592}
	EndGlobalSection
EndGlobal
